// !$*UTF8*$!
{
	archiveVersion = 1;
	classes = {
	};
	objectVersion = 50;
	objects = {

/* Begin PBXBuildFile section */
		0F0046CE22CA30A8008BFE98 /* AppDelegate.swift in Sources */ = {isa = PBXBuildFile; fileRef = 0F0046CD22CA30A8008BFE98 /* AppDelegate.swift */; };
		0F0046D022CA30A8008BFE98 /* WeatherDateListViewController.swift in Sources */ = {isa = PBXBuildFile; fileRef = 0F0046CF22CA30A8008BFE98 /* WeatherDateListViewController.swift */; };
		0F0046D322CA30A8008BFE98 /* Main.storyboard in Resources */ = {isa = PBXBuildFile; fileRef = 0F0046D122CA30A8008BFE98 /* Main.storyboard */; };
		0F0046D522CA30A9008BFE98 /* Assets.xcassets in Resources */ = {isa = PBXBuildFile; fileRef = 0F0046D422CA30A9008BFE98 /* Assets.xcassets */; };
		0F0046D822CA30A9008BFE98 /* LaunchScreen.storyboard in Resources */ = {isa = PBXBuildFile; fileRef = 0F0046D622CA30A9008BFE98 /* LaunchScreen.storyboard */; };
		0F0046E122CA34C7008BFE98 /* APIManager.swift in Sources */ = {isa = PBXBuildFile; fileRef = 0F0046E022CA34C7008BFE98 /* APIManager.swift */; };
		0F0046F422CA7282008BFE98 /* WeatherCell.swift in Sources */ = {isa = PBXBuildFile; fileRef = 0F0046F322CA7282008BFE98 /* WeatherCell.swift */; };
		0FA5F6D322CB880E0081F0EB /* WeatherDay.swift in Sources */ = {isa = PBXBuildFile; fileRef = 0FA5F6D222CB880E0081F0EB /* WeatherDay.swift */; };
		0FA5F6D622CB88D90081F0EB /* WeatherIconManager.swift in Sources */ = {isa = PBXBuildFile; fileRef = 0FA5F6D522CB88D90081F0EB /* WeatherIconManager.swift */; };
		0FA5F6DA22CBB8E90081F0EB /* ErrorManager.swift in Sources */ = {isa = PBXBuildFile; fileRef = 0FA5F6D922CBB8E90081F0EB /* ErrorManager.swift */; };
		0FA5F6DC22CBC8400081F0EB /* APIWeatherManager.swift in Sources */ = {isa = PBXBuildFile; fileRef = 0FA5F6DB22CBC8400081F0EB /* APIWeatherManager.swift */; };
		0FA5F6DE22CBFDC90081F0EB /* JSONForecast.swift in Sources */ = {isa = PBXBuildFile; fileRef = 0FA5F6DD22CBFDC90081F0EB /* JSONForecast.swift */; };
		0FF6D9CD22CC8CFC00AB0531 /* WeatherDateListViewModel.swift in Sources */ = {isa = PBXBuildFile; fileRef = 0FF6D9CC22CC8CFC00AB0531 /* WeatherDateListViewModel.swift */; };
		0FF6D9D022CC96A700AB0531 /* WeatherDateListViewModelType.swift in Sources */ = {isa = PBXBuildFile; fileRef = 0FF6D9CF22CC96A700AB0531 /* WeatherDateListViewModelType.swift */; };
		0FF6D9D222CC973400AB0531 /* WeatherCellViewModelType.swift in Sources */ = {isa = PBXBuildFile; fileRef = 0FF6D9D122CC973400AB0531 /* WeatherCellViewModelType.swift */; };
		0FF6D9D422CCB82900AB0531 /* WeatherCellViewModel.swift in Sources */ = {isa = PBXBuildFile; fileRef = 0FF6D9D322CCB82900AB0531 /* WeatherCellViewModel.swift */; };
		0FF6D9D622CD40C600AB0531 /* Box.swift in Sources */ = {isa = PBXBuildFile; fileRef = 0FF6D9D522CD40C600AB0531 /* Box.swift */; };
		0FF6D9DC22CE5BF600AB0531 /* ContainerViewController.swift in Sources */ = {isa = PBXBuildFile; fileRef = 0FF6D9DB22CE5BF600AB0531 /* ContainerViewController.swift */; };
		0FF6D9DE22CE636D00AB0531 /* MenuViewController.swift in Sources */ = {isa = PBXBuildFile; fileRef = 0FF6D9DD22CE636D00AB0531 /* MenuViewController.swift */; };
		0FF6D9E022CE6D3900AB0531 /* WeatherDateListViewControllerDelegate.swift in Sources */ = {isa = PBXBuildFile; fileRef = 0FF6D9DF22CE6D3900AB0531 /* WeatherDateListViewControllerDelegate.swift */; };
		0FF6D9E222CE863000AB0531 /* MenuManager.swift in Sources */ = {isa = PBXBuildFile; fileRef = 0FF6D9E122CE863000AB0531 /* MenuManager.swift */; };
		0FF6D9E422CE8F0600AB0531 /* MenuCell.swift in Sources */ = {isa = PBXBuildFile; fileRef = 0FF6D9E322CE8F0600AB0531 /* MenuCell.swift */; };
		0FF6D9E622CF379F00AB0531 /* ForecastQueryManagerType.swift in Sources */ = {isa = PBXBuildFile; fileRef = 0FF6D9E522CF379F00AB0531 /* ForecastQueryManagerType.swift */; };
		0FF6D9E922CF38A100AB0531 /* ForecastQueryManager.swift in Sources */ = {isa = PBXBuildFile; fileRef = 0FF6D9E822CF38A100AB0531 /* ForecastQueryManager.swift */; };
		0FF6D9EC22CF527400AB0531 /* ForecastQueryCell.swift in Sources */ = {isa = PBXBuildFile; fileRef = 0FF6D9EB22CF527400AB0531 /* ForecastQueryCell.swift */; };
		0FF6D9EE22CF6A7100AB0531 /* IntroPageViewController.swift in Sources */ = {isa = PBXBuildFile; fileRef = 0FF6D9ED22CF6A7100AB0531 /* IntroPageViewController.swift */; };
		0FF6D9F022CF71E200AB0531 /* PageListManager.swift in Sources */ = {isa = PBXBuildFile; fileRef = 0FF6D9EF22CF71E200AB0531 /* PageListManager.swift */; };
		0FF6D9F222CF71F400AB0531 /* PageListManagerType.swift in Sources */ = {isa = PBXBuildFile; fileRef = 0FF6D9F122CF71F400AB0531 /* PageListManagerType.swift */; };
		0FF6D9F522CF822200AB0531 /* GreetingViewController.swift in Sources */ = {isa = PBXBuildFile; fileRef = 0FF6D9F322CF822200AB0531 /* GreetingViewController.swift */; };
		0FF6D9F622CF822200AB0531 /* GreetingViewController.xib in Resources */ = {isa = PBXBuildFile; fileRef = 0FF6D9F422CF822200AB0531 /* GreetingViewController.xib */; };
		0FF6D9FA22CF827700AB0531 /* FeaturesViewController.swift in Sources */ = {isa = PBXBuildFile; fileRef = 0FF6D9F822CF827700AB0531 /* FeaturesViewController.swift */; };
		0FF6D9FB22CF827700AB0531 /* FeaturesViewController.xib in Resources */ = {isa = PBXBuildFile; fileRef = 0FF6D9F922CF827700AB0531 /* FeaturesViewController.xib */; };
		0FF6D9FD22CF8E8D00AB0531 /* TemplatePageViewController.swift in Sources */ = {isa = PBXBuildFile; fileRef = 0FF6D9FC22CF8E8D00AB0531 /* TemplatePageViewController.swift */; };
		0FF6D9FF22CF953400AB0531 /* UIColor+colors.swift in Sources */ = {isa = PBXBuildFile; fileRef = 0FF6D9FE22CF953400AB0531 /* UIColor+colors.swift */; };
/* End PBXBuildFile section */

/* Begin PBXFileReference section */
		0F0046CA22CA30A7008BFE98 /* iWeather.app */ = {isa = PBXFileReference; explicitFileType = wrapper.application; includeInIndex = 0; path = iWeather.app; sourceTree = BUILT_PRODUCTS_DIR; };
		0F0046CD22CA30A8008BFE98 /* AppDelegate.swift */ = {isa = PBXFileReference; lastKnownFileType = sourcecode.swift; path = AppDelegate.swift; sourceTree = "<group>"; };
		0F0046CF22CA30A8008BFE98 /* WeatherDateListViewController.swift */ = {isa = PBXFileReference; lastKnownFileType = sourcecode.swift; path = WeatherDateListViewController.swift; sourceTree = "<group>"; };
		0F0046D222CA30A8008BFE98 /* Base */ = {isa = PBXFileReference; lastKnownFileType = file.storyboard; name = Base; path = Base.lproj/Main.storyboard; sourceTree = "<group>"; };
		0F0046D422CA30A9008BFE98 /* Assets.xcassets */ = {isa = PBXFileReference; lastKnownFileType = folder.assetcatalog; path = Assets.xcassets; sourceTree = "<group>"; };
		0F0046D722CA30A9008BFE98 /* Base */ = {isa = PBXFileReference; lastKnownFileType = file.storyboard; name = Base; path = Base.lproj/LaunchScreen.storyboard; sourceTree = "<group>"; };
		0F0046D922CA30A9008BFE98 /* Info.plist */ = {isa = PBXFileReference; lastKnownFileType = text.plist.xml; path = Info.plist; sourceTree = "<group>"; };
		0F0046E022CA34C7008BFE98 /* APIManager.swift */ = {isa = PBXFileReference; lastKnownFileType = sourcecode.swift; path = APIManager.swift; sourceTree = "<group>"; };
		0F0046F322CA7282008BFE98 /* WeatherCell.swift */ = {isa = PBXFileReference; lastKnownFileType = sourcecode.swift; path = WeatherCell.swift; sourceTree = "<group>"; };
		0FA5F6D222CB880E0081F0EB /* WeatherDay.swift */ = {isa = PBXFileReference; lastKnownFileType = sourcecode.swift; path = WeatherDay.swift; sourceTree = "<group>"; };
		0FA5F6D522CB88D90081F0EB /* WeatherIconManager.swift */ = {isa = PBXFileReference; lastKnownFileType = sourcecode.swift; path = WeatherIconManager.swift; sourceTree = "<group>"; };
		0FA5F6D922CBB8E90081F0EB /* ErrorManager.swift */ = {isa = PBXFileReference; lastKnownFileType = sourcecode.swift; path = ErrorManager.swift; sourceTree = "<group>"; };
		0FA5F6DB22CBC8400081F0EB /* APIWeatherManager.swift */ = {isa = PBXFileReference; lastKnownFileType = sourcecode.swift; path = APIWeatherManager.swift; sourceTree = "<group>"; };
		0FA5F6DD22CBFDC90081F0EB /* JSONForecast.swift */ = {isa = PBXFileReference; lastKnownFileType = sourcecode.swift; path = JSONForecast.swift; sourceTree = "<group>"; };
		0FF6D9CC22CC8CFC00AB0531 /* WeatherDateListViewModel.swift */ = {isa = PBXFileReference; lastKnownFileType = sourcecode.swift; path = WeatherDateListViewModel.swift; sourceTree = "<group>"; };
		0FF6D9CF22CC96A700AB0531 /* WeatherDateListViewModelType.swift */ = {isa = PBXFileReference; lastKnownFileType = sourcecode.swift; path = WeatherDateListViewModelType.swift; sourceTree = "<group>"; };
		0FF6D9D122CC973400AB0531 /* WeatherCellViewModelType.swift */ = {isa = PBXFileReference; lastKnownFileType = sourcecode.swift; path = WeatherCellViewModelType.swift; sourceTree = "<group>"; };
		0FF6D9D322CCB82900AB0531 /* WeatherCellViewModel.swift */ = {isa = PBXFileReference; lastKnownFileType = sourcecode.swift; path = WeatherCellViewModel.swift; sourceTree = "<group>"; };
		0FF6D9D522CD40C600AB0531 /* Box.swift */ = {isa = PBXFileReference; lastKnownFileType = sourcecode.swift; name = Box.swift; path = ../Protocol/Box.swift; sourceTree = "<group>"; };
		0FF6D9DB22CE5BF600AB0531 /* ContainerViewController.swift */ = {isa = PBXFileReference; lastKnownFileType = sourcecode.swift; path = ContainerViewController.swift; sourceTree = "<group>"; };
		0FF6D9DD22CE636D00AB0531 /* MenuViewController.swift */ = {isa = PBXFileReference; lastKnownFileType = sourcecode.swift; path = MenuViewController.swift; sourceTree = "<group>"; };
		0FF6D9DF22CE6D3900AB0531 /* WeatherDateListViewControllerDelegate.swift */ = {isa = PBXFileReference; lastKnownFileType = sourcecode.swift; path = WeatherDateListViewControllerDelegate.swift; sourceTree = "<group>"; };
		0FF6D9E122CE863000AB0531 /* MenuManager.swift */ = {isa = PBXFileReference; lastKnownFileType = sourcecode.swift; path = MenuManager.swift; sourceTree = "<group>"; };
		0FF6D9E322CE8F0600AB0531 /* MenuCell.swift */ = {isa = PBXFileReference; lastKnownFileType = sourcecode.swift; path = MenuCell.swift; sourceTree = "<group>"; };
		0FF6D9E522CF379F00AB0531 /* ForecastQueryManagerType.swift */ = {isa = PBXFileReference; lastKnownFileType = sourcecode.swift; path = ForecastQueryManagerType.swift; sourceTree = "<group>"; };
		0FF6D9E822CF38A100AB0531 /* ForecastQueryManager.swift */ = {isa = PBXFileReference; lastKnownFileType = sourcecode.swift; path = ForecastQueryManager.swift; sourceTree = "<group>"; };
		0FF6D9EB22CF527400AB0531 /* ForecastQueryCell.swift */ = {isa = PBXFileReference; lastKnownFileType = sourcecode.swift; path = ForecastQueryCell.swift; sourceTree = "<group>"; };
		0FF6D9ED22CF6A7100AB0531 /* IntroPageViewController.swift */ = {isa = PBXFileReference; lastKnownFileType = sourcecode.swift; path = IntroPageViewController.swift; sourceTree = "<group>"; };
		0FF6D9EF22CF71E200AB0531 /* PageListManager.swift */ = {isa = PBXFileReference; lastKnownFileType = sourcecode.swift; path = PageListManager.swift; sourceTree = "<group>"; };
		0FF6D9F122CF71F400AB0531 /* PageListManagerType.swift */ = {isa = PBXFileReference; lastKnownFileType = sourcecode.swift; path = PageListManagerType.swift; sourceTree = "<group>"; };
		0FF6D9F322CF822200AB0531 /* GreetingViewController.swift */ = {isa = PBXFileReference; lastKnownFileType = sourcecode.swift; name = GreetingViewController.swift; path = ../GreetingViewController.swift; sourceTree = "<group>"; };
		0FF6D9F422CF822200AB0531 /* GreetingViewController.xib */ = {isa = PBXFileReference; lastKnownFileType = file.xib; name = GreetingViewController.xib; path = ../GreetingViewController.xib; sourceTree = "<group>"; };
		0FF6D9F822CF827700AB0531 /* FeaturesViewController.swift */ = {isa = PBXFileReference; lastKnownFileType = sourcecode.swift; path = FeaturesViewController.swift; sourceTree = "<group>"; };
		0FF6D9F922CF827700AB0531 /* FeaturesViewController.xib */ = {isa = PBXFileReference; lastKnownFileType = file.xib; path = FeaturesViewController.xib; sourceTree = "<group>"; };
		0FF6D9FC22CF8E8D00AB0531 /* TemplatePageViewController.swift */ = {isa = PBXFileReference; lastKnownFileType = sourcecode.swift; path = TemplatePageViewController.swift; sourceTree = "<group>"; };
		0FF6D9FE22CF953400AB0531 /* UIColor+colors.swift */ = {isa = PBXFileReference; lastKnownFileType = sourcecode.swift; path = "UIColor+colors.swift"; sourceTree = "<group>"; };
/* End PBXFileReference section */

/* Begin PBXFrameworksBuildPhase section */
		0F0046C722CA30A7008BFE98 /* Frameworks */ = {
			isa = PBXFrameworksBuildPhase;
			buildActionMask = 2147483647;
			files = (
			);
			runOnlyForDeploymentPostprocessing = 0;
		};
/* End PBXFrameworksBuildPhase section */

/* Begin PBXGroup section */
		0F0046C122CA30A7008BFE98 = {
			isa = PBXGroup;
			children = (
				0F0046CC22CA30A7008BFE98 /* iWeather */,
				0F0046CB22CA30A7008BFE98 /* Products */,
			);
			sourceTree = "<group>";
		};
		0F0046CB22CA30A7008BFE98 /* Products */ = {
			isa = PBXGroup;
			children = (
				0F0046CA22CA30A7008BFE98 /* iWeather.app */,
			);
			name = Products;
			sourceTree = "<group>";
		};
		0F0046CC22CA30A7008BFE98 /* iWeather */ = {
			isa = PBXGroup;
			children = (
				0F0046DF22CA3495008BFE98 /* API */,
				0FF6D9E722CF384900AB0531 /* Manager */,
				0FF6D9CE22CC969500AB0531 /* Protocol */,
				0FA5F6D422CB88BD0081F0EB /* Model */,
				0FF6D9CB22CC8CB800AB0531 /* ViewModel */,
				0F0046E622CA359D008BFE98 /* View */,
				0F0046CD22CA30A8008BFE98 /* AppDelegate.swift */,
				0F0046D122CA30A8008BFE98 /* Main.storyboard */,
				0F0046D622CA30A9008BFE98 /* LaunchScreen.storyboard */,
				0F0046D422CA30A9008BFE98 /* Assets.xcassets */,
				0F0046D922CA30A9008BFE98 /* Info.plist */,
			);
			path = iWeather;
			sourceTree = "<group>";
		};
		0F0046DF22CA3495008BFE98 /* API */ = {
			isa = PBXGroup;
			children = (
				0FA5F6D122CB87DF0081F0EB /* JSON */,
				0FA5F6DB22CBC8400081F0EB /* APIWeatherManager.swift */,
				0F0046E022CA34C7008BFE98 /* APIManager.swift */,
			);
			path = API;
			sourceTree = "<group>";
		};
		0F0046E622CA359D008BFE98 /* View */ = {
			isa = PBXGroup;
			children = (
				0F0046CF22CA30A8008BFE98 /* WeatherDateListViewController.swift */,
				0FF6D9DB22CE5BF600AB0531 /* ContainerViewController.swift */,
				0FF6D9DD22CE636D00AB0531 /* MenuViewController.swift */,
				0FF6D9ED22CF6A7100AB0531 /* IntroPageViewController.swift */,
				0FF6D9F722CF824800AB0531 /* Pages */,
				0FF6D9EA22CF524700AB0531 /* Cell */,
			);
			path = View;
			sourceTree = "<group>";
		};
		0FA5F6D122CB87DF0081F0EB /* JSON */ = {
			isa = PBXGroup;
			children = (
				0FA5F6DD22CBFDC90081F0EB /* JSONForecast.swift */,
			);
			path = JSON;
			sourceTree = "<group>";
		};
		0FA5F6D422CB88BD0081F0EB /* Model */ = {
			isa = PBXGroup;
			children = (
				0FA5F6D222CB880E0081F0EB /* WeatherDay.swift */,
			);
			path = Model;
			sourceTree = "<group>";
		};
		0FF6D9CB22CC8CB800AB0531 /* ViewModel */ = {
			isa = PBXGroup;
			children = (
				0FF6D9CC22CC8CFC00AB0531 /* WeatherDateListViewModel.swift */,
				0FF6D9D322CCB82900AB0531 /* WeatherCellViewModel.swift */,
				0FF6D9D522CD40C600AB0531 /* Box.swift */,
			);
			path = ViewModel;
			sourceTree = "<group>";
		};
		0FF6D9CE22CC969500AB0531 /* Protocol */ = {
			isa = PBXGroup;
			children = (
				0FF6D9CF22CC96A700AB0531 /* WeatherDateListViewModelType.swift */,
				0FF6D9D122CC973400AB0531 /* WeatherCellViewModelType.swift */,
				0FF6D9DF22CE6D3900AB0531 /* WeatherDateListViewControllerDelegate.swift */,
				0FF6D9E522CF379F00AB0531 /* ForecastQueryManagerType.swift */,
				0FF6D9F122CF71F400AB0531 /* PageListManagerType.swift */,
			);
			path = Protocol;
			sourceTree = "<group>";
		};
		0FF6D9E722CF384900AB0531 /* Manager */ = {
			isa = PBXGroup;
			children = (
				0FA5F6D922CBB8E90081F0EB /* ErrorManager.swift */,
				0FA5F6D522CB88D90081F0EB /* WeatherIconManager.swift */,
				0FF6D9E122CE863000AB0531 /* MenuManager.swift */,
				0FF6D9E822CF38A100AB0531 /* ForecastQueryManager.swift */,
				0FF6D9EF22CF71E200AB0531 /* PageListManager.swift */,
			);
			path = Manager;
			sourceTree = "<group>";
		};
		0FF6D9EA22CF524700AB0531 /* Cell */ = {
			isa = PBXGroup;
			children = (
				0F0046F322CA7282008BFE98 /* WeatherCell.swift */,
				0FF6D9E322CE8F0600AB0531 /* MenuCell.swift */,
				0FF6D9EB22CF527400AB0531 /* ForecastQueryCell.swift */,
			);
			path = Cell;
			sourceTree = "<group>";
		};
		0FF6D9F722CF824800AB0531 /* Pages */ = {
			isa = PBXGroup;
			children = (
				0FF6D9F322CF822200AB0531 /* GreetingViewController.swift */,
				0FF6D9F822CF827700AB0531 /* FeaturesViewController.swift */,
				0FF6D9FC22CF8E8D00AB0531 /* TemplatePageViewController.swift */,
				0FF6D9F422CF822200AB0531 /* GreetingViewController.xib */,
				0FF6D9F922CF827700AB0531 /* FeaturesViewController.xib */,
				0FF6D9FE22CF953400AB0531 /* UIColor+colors.swift */,
			);
			path = Pages;
			sourceTree = "<group>";
		};
/* End PBXGroup section */

/* Begin PBXNativeTarget section */
		0F0046C922CA30A7008BFE98 /* iWeather */ = {
			isa = PBXNativeTarget;
			buildConfigurationList = 0F0046DC22CA30A9008BFE98 /* Build configuration list for PBXNativeTarget "iWeather" */;
			buildPhases = (
				0F0046C622CA30A7008BFE98 /* Sources */,
				0F0046C722CA30A7008BFE98 /* Frameworks */,
				0F0046C822CA30A7008BFE98 /* Resources */,
			);
			buildRules = (
			);
			dependencies = (
			);
			name = iWeather;
			productName = iWeather;
			productReference = 0F0046CA22CA30A7008BFE98 /* iWeather.app */;
			productType = "com.apple.product-type.application";
		};
/* End PBXNativeTarget section */

/* Begin PBXProject section */
		0F0046C222CA30A7008BFE98 /* Project object */ = {
			isa = PBXProject;
			attributes = {
				LastSwiftUpdateCheck = 1020;
				LastUpgradeCheck = 1020;
				ORGANIZATIONNAME = "Igor Shuvalov";
				TargetAttributes = {
					0F0046C922CA30A7008BFE98 = {
						CreatedOnToolsVersion = 10.2.1;
					};
				};
			};
			buildConfigurationList = 0F0046C522CA30A7008BFE98 /* Build configuration list for PBXProject "iWeather" */;
			compatibilityVersion = "Xcode 9.3";
			developmentRegion = en;
			hasScannedForEncodings = 0;
			knownRegions = (
				en,
				Base,
			);
			mainGroup = 0F0046C122CA30A7008BFE98;
			productRefGroup = 0F0046CB22CA30A7008BFE98 /* Products */;
			projectDirPath = "";
			projectRoot = "";
			targets = (
				0F0046C922CA30A7008BFE98 /* iWeather */,
			);
		};
/* End PBXProject section */

/* Begin PBXResourcesBuildPhase section */
		0F0046C822CA30A7008BFE98 /* Resources */ = {
			isa = PBXResourcesBuildPhase;
			buildActionMask = 2147483647;
			files = (
				0FF6D9FB22CF827700AB0531 /* FeaturesViewController.xib in Resources */,
				0F0046D822CA30A9008BFE98 /* LaunchScreen.storyboard in Resources */,
				0F0046D522CA30A9008BFE98 /* Assets.xcassets in Resources */,
				0F0046D322CA30A8008BFE98 /* Main.storyboard in Resources */,
				0FF6D9F622CF822200AB0531 /* GreetingViewController.xib in Resources */,
			);
			runOnlyForDeploymentPostprocessing = 0;
		};
/* End PBXResourcesBuildPhase section */

/* Begin PBXSourcesBuildPhase section */
		0F0046C622CA30A7008BFE98 /* Sources */ = {
			isa = PBXSourcesBuildPhase;
			buildActionMask = 2147483647;
			files = (
				0F0046F422CA7282008BFE98 /* WeatherCell.swift in Sources */,
				0FF6D9D622CD40C600AB0531 /* Box.swift in Sources */,
				0FA5F6D622CB88D90081F0EB /* WeatherIconManager.swift in Sources */,
				0FF6D9FA22CF827700AB0531 /* FeaturesViewController.swift in Sources */,
				0FA5F6DA22CBB8E90081F0EB /* ErrorManager.swift in Sources */,
				0F0046E122CA34C7008BFE98 /* APIManager.swift in Sources */,
				0FF6D9FD22CF8E8D00AB0531 /* TemplatePageViewController.swift in Sources */,
				0FF6D9E622CF379F00AB0531 /* ForecastQueryManagerType.swift in Sources */,
				0F0046D022CA30A8008BFE98 /* WeatherDateListViewController.swift in Sources */,
				0FF6D9E422CE8F0600AB0531 /* MenuCell.swift in Sources */,
				0FF6D9D022CC96A700AB0531 /* WeatherDateListViewModelType.swift in Sources */,
				0FF6D9DE22CE636D00AB0531 /* MenuViewController.swift in Sources */,
				0FF6D9DC22CE5BF600AB0531 /* ContainerViewController.swift in Sources */,
				0FF6D9E922CF38A100AB0531 /* ForecastQueryManager.swift in Sources */,
				0FF6D9F022CF71E200AB0531 /* PageListManager.swift in Sources */,
				0FF6D9D422CCB82900AB0531 /* WeatherCellViewModel.swift in Sources */,
				0FF6D9FF22CF953400AB0531 /* UIColor+colors.swift in Sources */,
				0FF6D9EC22CF527400AB0531 /* ForecastQueryCell.swift in Sources */,
				0F0046CE22CA30A8008BFE98 /* AppDelegate.swift in Sources */,
				0FA5F6D322CB880E0081F0EB /* WeatherDay.swift in Sources */,
				0FF6D9F522CF822200AB0531 /* GreetingViewController.swift in Sources */,
				0FF6D9E222CE863000AB0531 /* MenuManager.swift in Sources */,
				0FF6D9E022CE6D3900AB0531 /* WeatherDateListViewControllerDelegate.swift in Sources */,
				0FA5F6DE22CBFDC90081F0EB /* JSONForecast.swift in Sources */,
				0FF6D9F222CF71F400AB0531 /* PageListManagerType.swift in Sources */,
				0FA5F6DC22CBC8400081F0EB /* APIWeatherManager.swift in Sources */,
				0FF6D9CD22CC8CFC00AB0531 /* WeatherDateListViewModel.swift in Sources */,
				0FF6D9EE22CF6A7100AB0531 /* IntroPageViewController.swift in Sources */,
				0FF6D9D222CC973400AB0531 /* WeatherCellViewModelType.swift in Sources */,
			);
			runOnlyForDeploymentPostprocessing = 0;
		};
/* End PBXSourcesBuildPhase section */

/* Begin PBXVariantGroup section */
		0F0046D122CA30A8008BFE98 /* Main.storyboard */ = {
			isa = PBXVariantGroup;
			children = (
				0F0046D222CA30A8008BFE98 /* Base */,
			);
			name = Main.storyboard;
			sourceTree = "<group>";
		};
		0F0046D622CA30A9008BFE98 /* LaunchScreen.storyboard */ = {
			isa = PBXVariantGroup;
			children = (
				0F0046D722CA30A9008BFE98 /* Base */,
			);
			name = LaunchScreen.storyboard;
			sourceTree = "<group>";
		};
/* End PBXVariantGroup section */

/* Begin XCBuildConfiguration section */
		0F0046DA22CA30A9008BFE98 /* Debug */ = {
			isa = XCBuildConfiguration;
			buildSettings = {
				ALWAYS_SEARCH_USER_PATHS = NO;
				CLANG_ANALYZER_NONNULL = YES;
				CLANG_ANALYZER_NUMBER_OBJECT_CONVERSION = YES_AGGRESSIVE;
				CLANG_CXX_LANGUAGE_STANDARD = "gnu++14";
				CLANG_CXX_LIBRARY = "libc++";
				CLANG_ENABLE_MODULES = YES;
				CLANG_ENABLE_OBJC_ARC = YES;
				CLANG_ENABLE_OBJC_WEAK = YES;
				CLANG_WARN_BLOCK_CAPTURE_AUTORELEASING = YES;
				CLANG_WARN_BOOL_CONVERSION = YES;
				CLANG_WARN_COMMA = YES;
				CLANG_WARN_CONSTANT_CONVERSION = YES;
				CLANG_WARN_DEPRECATED_OBJC_IMPLEMENTATIONS = YES;
				CLANG_WARN_DIRECT_OBJC_ISA_USAGE = YES_ERROR;
				CLANG_WARN_DOCUMENTATION_COMMENTS = YES;
				CLANG_WARN_EMPTY_BODY = YES;
				CLANG_WARN_ENUM_CONVERSION = YES;
				CLANG_WARN_INFINITE_RECURSION = YES;
				CLANG_WARN_INT_CONVERSION = YES;
				CLANG_WARN_NON_LITERAL_NULL_CONVERSION = YES;
				CLANG_WARN_OBJC_IMPLICIT_RETAIN_SELF = YES;
				CLANG_WARN_OBJC_LITERAL_CONVERSION = YES;
				CLANG_WARN_OBJC_ROOT_CLASS = YES_ERROR;
				CLANG_WARN_RANGE_LOOP_ANALYSIS = YES;
				CLANG_WARN_STRICT_PROTOTYPES = YES;
				CLANG_WARN_SUSPICIOUS_MOVE = YES;
				CLANG_WARN_UNGUARDED_AVAILABILITY = YES_AGGRESSIVE;
				CLANG_WARN_UNREACHABLE_CODE = YES;
				CLANG_WARN__DUPLICATE_METHOD_MATCH = YES;
				CODE_SIGN_IDENTITY = "iPhone Developer";
				COPY_PHASE_STRIP = NO;
				DEBUG_INFORMATION_FORMAT = dwarf;
				ENABLE_STRICT_OBJC_MSGSEND = YES;
				ENABLE_TESTABILITY = YES;
				GCC_C_LANGUAGE_STANDARD = gnu11;
				GCC_DYNAMIC_NO_PIC = NO;
				GCC_NO_COMMON_BLOCKS = YES;
				GCC_OPTIMIZATION_LEVEL = 0;
				GCC_PREPROCESSOR_DEFINITIONS = (
					"DEBUG=1",
					"$(inherited)",
				);
				GCC_WARN_64_TO_32_BIT_CONVERSION = YES;
				GCC_WARN_ABOUT_RETURN_TYPE = YES_ERROR;
				GCC_WARN_UNDECLARED_SELECTOR = YES;
				GCC_WARN_UNINITIALIZED_AUTOS = YES_AGGRESSIVE;
				GCC_WARN_UNUSED_FUNCTION = YES;
				GCC_WARN_UNUSED_VARIABLE = YES;
				IPHONEOS_DEPLOYMENT_TARGET = 12.2;
				MTL_ENABLE_DEBUG_INFO = INCLUDE_SOURCE;
				MTL_FAST_MATH = YES;
				ONLY_ACTIVE_ARCH = YES;
				SDKROOT = iphoneos;
				SWIFT_ACTIVE_COMPILATION_CONDITIONS = DEBUG;
				SWIFT_OPTIMIZATION_LEVEL = "-Onone";
			};
			name = Debug;
		};
		0F0046DB22CA30A9008BFE98 /* Release */ = {
			isa = XCBuildConfiguration;
			buildSettings = {
				ALWAYS_SEARCH_USER_PATHS = NO;
				CLANG_ANALYZER_NONNULL = YES;
				CLANG_ANALYZER_NUMBER_OBJECT_CONVERSION = YES_AGGRESSIVE;
				CLANG_CXX_LANGUAGE_STANDARD = "gnu++14";
				CLANG_CXX_LIBRARY = "libc++";
				CLANG_ENABLE_MODULES = YES;
				CLANG_ENABLE_OBJC_ARC = YES;
				CLANG_ENABLE_OBJC_WEAK = YES;
				CLANG_WARN_BLOCK_CAPTURE_AUTORELEASING = YES;
				CLANG_WARN_BOOL_CONVERSION = YES;
				CLANG_WARN_COMMA = YES;
				CLANG_WARN_CONSTANT_CONVERSION = YES;
				CLANG_WARN_DEPRECATED_OBJC_IMPLEMENTATIONS = YES;
				CLANG_WARN_DIRECT_OBJC_ISA_USAGE = YES_ERROR;
				CLANG_WARN_DOCUMENTATION_COMMENTS = YES;
				CLANG_WARN_EMPTY_BODY = YES;
				CLANG_WARN_ENUM_CONVERSION = YES;
				CLANG_WARN_INFINITE_RECURSION = YES;
				CLANG_WARN_INT_CONVERSION = YES;
				CLANG_WARN_NON_LITERAL_NULL_CONVERSION = YES;
				CLANG_WARN_OBJC_IMPLICIT_RETAIN_SELF = YES;
				CLANG_WARN_OBJC_LITERAL_CONVERSION = YES;
				CLANG_WARN_OBJC_ROOT_CLASS = YES_ERROR;
				CLANG_WARN_RANGE_LOOP_ANALYSIS = YES;
				CLANG_WARN_STRICT_PROTOTYPES = YES;
				CLANG_WARN_SUSPICIOUS_MOVE = YES;
				CLANG_WARN_UNGUARDED_AVAILABILITY = YES_AGGRESSIVE;
				CLANG_WARN_UNREACHABLE_CODE = YES;
				CLANG_WARN__DUPLICATE_METHOD_MATCH = YES;
				CODE_SIGN_IDENTITY = "iPhone Developer";
				COPY_PHASE_STRIP = NO;
				DEBUG_INFORMATION_FORMAT = "dwarf-with-dsym";
				ENABLE_NS_ASSERTIONS = NO;
				ENABLE_STRICT_OBJC_MSGSEND = YES;
				GCC_C_LANGUAGE_STANDARD = gnu11;
				GCC_NO_COMMON_BLOCKS = YES;
				GCC_WARN_64_TO_32_BIT_CONVERSION = YES;
				GCC_WARN_ABOUT_RETURN_TYPE = YES_ERROR;
				GCC_WARN_UNDECLARED_SELECTOR = YES;
				GCC_WARN_UNINITIALIZED_AUTOS = YES_AGGRESSIVE;
				GCC_WARN_UNUSED_FUNCTION = YES;
				GCC_WARN_UNUSED_VARIABLE = YES;
				IPHONEOS_DEPLOYMENT_TARGET = 12.2;
				MTL_ENABLE_DEBUG_INFO = NO;
				MTL_FAST_MATH = YES;
				SDKROOT = iphoneos;
				SWIFT_COMPILATION_MODE = wholemodule;
				SWIFT_OPTIMIZATION_LEVEL = "-O";
				VALIDATE_PRODUCT = YES;
			};
			name = Release;
		};
		0F0046DD22CA30A9008BFE98 /* Debug */ = {
			isa = XCBuildConfiguration;
			buildSettings = {
				ASSETCATALOG_COMPILER_APPICON_NAME = AppIcon;
				CODE_SIGN_STYLE = Automatic;
				DEVELOPMENT_TEAM = 4LGE2U7FDN;
				INFOPLIST_FILE = iWeather/Info.plist;
				LD_RUNPATH_SEARCH_PATHS = (
					"$(inherited)",
					"@executable_path/Frameworks",
				);
				PRODUCT_BUNDLE_IDENTIFIER = dev.rigo.iweather.iWeather;
				PRODUCT_NAME = "$(TARGET_NAME)";
				SWIFT_VERSION = 5.0;
				TARGETED_DEVICE_FAMILY = 1;
			};
			name = Debug;
		};
		0F0046DE22CA30A9008BFE98 /* Release */ = {
			isa = XCBuildConfiguration;
			buildSettings = {
				ASSETCATALOG_COMPILER_APPICON_NAME = AppIcon;
				CODE_SIGN_STYLE = Automatic;
				DEVELOPMENT_TEAM = 4LGE2U7FDN;
				INFOPLIST_FILE = iWeather/Info.plist;
				LD_RUNPATH_SEARCH_PATHS = (
					"$(inherited)",
					"@executable_path/Frameworks",
				);
				PRODUCT_BUNDLE_IDENTIFIER = dev.rigo.iweather.iWeather;
				PRODUCT_NAME = "$(TARGET_NAME)";
				SWIFT_VERSION = 5.0;
				TARGETED_DEVICE_FAMILY = 1;
			};
			name = Release;
		};
/* End XCBuildConfiguration section */

/* Begin XCConfigurationList section */
		0F0046C522CA30A7008BFE98 /* Build configuration list for PBXProject "iWeather" */ = {
			isa = XCConfigurationList;
			buildConfigurations = (
				0F0046DA22CA30A9008BFE98 /* Debug */,
				0F0046DB22CA30A9008BFE98 /* Release */,
			);
			defaultConfigurationIsVisible = 0;
			defaultConfigurationName = Release;
		};
		0F0046DC22CA30A9008BFE98 /* Build configuration list for PBXNativeTarget "iWeather" */ = {
			isa = XCConfigurationList;
			buildConfigurations = (
				0F0046DD22CA30A9008BFE98 /* Debug */,
				0F0046DE22CA30A9008BFE98 /* Release */,
			);
			defaultConfigurationIsVisible = 0;
			defaultConfigurationName = Release;
		};
/* End XCConfigurationList section */
	};
	rootObject = 0F0046C222CA30A7008BFE98 /* Project object */;
}
